
Microsoft Visual Studio Solution File, Format Version 12.00
# Visual Studio 15
VisualStudioVersion = 15.0.27703.2000
MinimumVisualStudioVersion = 10.0.40219.1
Project("{FAE04EC0-301F-11D3-BF4B-00C04F79EFBC}") = "DemoCosmos.Android", "DemoCosmos\DemoCosmos.Android\DemoCosmos.Android.csproj", "{1B225C5B-3A40-4A0E-8D71-BEA1276E9642}"
EndProject
Project("{FAE04EC0-301F-11D3-BF4B-00C04F79EFBC}") = "DemoCosmos.iOS", "DemoCosmos\DemoCosmos.iOS\DemoCosmos.iOS.csproj", "{DEE4267F-9E04-4C37-9939-777F84AB9CC3}"
EndProject
Project("{FAE04EC0-301F-11D3-BF4B-00C04F79EFBC}") = "DemoCosmos", "DemoCosmos\DemoCosmos\DemoCosmos.csproj", "{6A2974E2-206B-441A-A6F6-AB6ACC82ABD6}"
EndProject
Global
	GlobalSection(SolutionConfigurationPlatforms) = preSolution
		Ad-Hoc|Any CPU = Ad-Hoc|Any CPU
		Ad-Hoc|iPhone = Ad-Hoc|iPhone
		Ad-Hoc|iPhoneSimulator = Ad-Hoc|iPhoneSimulator
		AppStore|Any CPU = AppStore|Any CPU
		AppStore|iPhone = AppStore|iPhone
		AppStore|iPhoneSimulator = AppStore|iPhoneSimulator
		Debug|Any CPU = Debug|Any CPU
		Debug|iPhone = Debug|iPhone
		Debug|iPhoneSimulator = Debug|iPhoneSimulator
		Release|Any CPU = Release|Any CPU
		Release|iPhone = Release|iPhone
		Release|iPhoneSimulator = Release|iPhoneSimulator
	EndGlobalSection
	GlobalSection(ProjectConfigurationPlatforms) = postSolution
		{1B225C5B-3A40-4A0E-8D71-BEA1276E9642}.Ad-Hoc|Any CPU.ActiveCfg = Release|Any CPU
		{1B225C5B-3A40-4A0E-8D71-BEA1276E9642}.Ad-Hoc|Any CPU.Build.0 = Release|Any CPU
		{1B225C5B-3A40-4A0E-8D71-BEA1276E9642}.Ad-Hoc|Any CPU.Deploy.0 = Release|Any CPU
		{1B225C5B-3A40-4A0E-8D71-BEA1276E9642}.Ad-Hoc|iPhone.ActiveCfg = Release|Any CPU
		{1B225C5B-3A40-4A0E-8D71-BEA1276E9642}.Ad-Hoc|iPhone.Build.0 = Release|Any CPU
		{1B225C5B-3A40-4A0E-8D71-BEA1276E9642}.Ad-Hoc|iPhone.Deploy.0 = Release|Any CPU
		{1B225C5B-3A40-4A0E-8D71-BEA1276E9642}.Ad-Hoc|iPhoneSimulator.ActiveCfg = Release|Any CPU
		{1B225C5B-3A40-4A0E-8D71-BEA1276E9642}.Ad-Hoc|iPhoneSimulator.Build.0 = Release|Any CPU
		{1B225C5B-3A40-4A0E-8D71-BEA1276E9642}.Ad-Hoc|iPhoneSimulator.Deploy.0 = Release|Any CPU
		{1B225C5B-3A40-4A0E-8D71-BEA1276E9642}.AppStore|Any CPU.ActiveCfg = Release|Any CPU
		{1B225C5B-3A40-4A0E-8D71-BEA1276E9642}.AppStore|Any CPU.Build.0 = Release|Any CPU
		{1B225C5B-3A40-4A0E-8D71-BEA1276E9642}.AppStore|Any CPU.Deploy.0 = Release|Any CPU
		{1B225C5B-3A40-4A0E-8D71-BEA1276E9642}.AppStore|iPhone.ActiveCfg = Release|Any CPU
		{1B225C5B-3A40-4A0E-8D71-BEA1276E9642}.AppStore|iPhone.Build.0 = Release|Any CPU
		{1B225C5B-3A40-4A0E-8D71-BEA1276E9642}.AppStore|iPhone.Deploy.0 = Release|Any CPU
		{1B225C5B-3A40-4A0E-8D71-BEA1276E9642}.AppStore|iPhoneSimulator.ActiveCfg = Release|Any CPU
		{1B225C5B-3A40-4A0E-8D71-BEA1276E9642}.AppStore|iPhoneSimulator.Build.0 = Release|Any CPU
		{1B225C5B-3A40-4A0E-8D71-BEA1276E9642}.AppStore|iPhoneSimulator.Deploy.0 = Release|Any CPU
		{1B225C5B-3A40-4A0E-8D71-BEA1276E9642}.Debug|Any CPU.ActiveCfg = Debug|Any CPU
		{1B225C5B-3A40-4A0E-8D71-BEA1276E9642}.Debug|Any CPU.Build.0 = Debug|Any CPU
		{1B225C5B-3A40-4A0E-8D71-BEA1276E9642}.Debug|Any CPU.Deploy.0 = Debug|Any CPU
		{1B225C5B-3A40-4A0E-8D71-BEA1276E9642}.Debug|iPhone.ActiveCfg = Debug|Any CPU
		{1B225C5B-3A40-4A0E-8D71-BEA1276E9642}.Debug|iPhone.Build.0 = Debug|Any CPU
		{1B225C5B-3A40-4A0E-8D71-BEA1276E9642}.Debug|iPhone.Deploy.0 = Debug|Any CPU
		{1B225C5B-3A40-4A0E-8D71-BEA1276E9642}.Debug|iPhoneSimulator.ActiveCfg = Debug|Any CPU
		{1B225C5B-3A40-4A0E-8D71-BEA1276E9642}.Debug|iPhoneSimulator.Build.0 = Debug|Any CPU
		{1B225C5B-3A40-4A0E-8D71-BEA1276E9642}.Debug|iPhoneSimulator.Deploy.0 = Debug|Any CPU
		{1B225C5B-3A40-4A0E-8D71-BEA1276E9642}.Release|Any CPU.ActiveCfg = Release|Any CPU
		{1B225C5B-3A40-4A0E-8D71-BEA1276E9642}.Release|Any CPU.Build.0 = Release|Any CPU
		{1B225C5B-3A40-4A0E-8D71-BEA1276E9642}.Release|Any CPU.Deploy.0 = Release|Any CPU
		{1B225C5B-3A40-4A0E-8D71-BEA1276E9642}.Release|iPhone.ActiveCfg = Release|Any CPU
		{1B225C5B-3A40-4A0E-8D71-BEA1276E9642}.Release|iPhone.Build.0 = Release|Any CPU
		{1B225C5B-3A40-4A0E-8D71-BEA1276E9642}.Release|iPhone.Deploy.0 = Release|Any CPU
		{1B225C5B-3A40-4A0E-8D71-BEA1276E9642}.Release|iPhoneSimulator.ActiveCfg = Release|Any CPU
		{1B225C5B-3A40-4A0E-8D71-BEA1276E9642}.Release|iPhoneSimulator.Build.0 = Release|Any CPU
		{1B225C5B-3A40-4A0E-8D71-BEA1276E9642}.Release|iPhoneSimulator.Deploy.0 = Release|Any CPU
		{DEE4267F-9E04-4C37-9939-777F84AB9CC3}.Ad-Hoc|Any CPU.ActiveCfg = Ad-Hoc|iPhone
		{DEE4267F-9E04-4C37-9939-777F84AB9CC3}.Ad-Hoc|Any CPU.Build.0 = Ad-Hoc|iPhone
		{DEE4267F-9E04-4C37-9939-777F84AB9CC3}.Ad-Hoc|Any CPU.Deploy.0 = Ad-Hoc|iPhone
		{DEE4267F-9E04-4C37-9939-777F84AB9CC3}.Ad-Hoc|iPhone.ActiveCfg = Ad-Hoc|iPhone
		{DEE4267F-9E04-4C37-9939-777F84AB9CC3}.Ad-Hoc|iPhone.Build.0 = Ad-Hoc|iPhone
		{DEE4267F-9E04-4C37-9939-777F84AB9CC3}.Ad-Hoc|iPhone.Deploy.0 = Ad-Hoc|iPhone
		{DEE4267F-9E04-4C37-9939-777F84AB9CC3}.Ad-Hoc|iPhoneSimulator.ActiveCfg = Ad-Hoc|iPhoneSimulator
		{DEE4267F-9E04-4C37-9939-777F84AB9CC3}.Ad-Hoc|iPhoneSimulator.Build.0 = Ad-Hoc|iPhoneSimulator
		{DEE4267F-9E04-4C37-9939-777F84AB9CC3}.Ad-Hoc|iPhoneSimulator.Deploy.0 = Ad-Hoc|iPhoneSimulator
		{DEE4267F-9E04-4C37-9939-777F84AB9CC3}.AppStore|Any CPU.ActiveCfg = AppStore|iPhone
		{DEE4267F-9E04-4C37-9939-777F84AB9CC3}.AppStore|Any CPU.Build.0 = AppStore|iPhone
		{DEE4267F-9E04-4C37-9939-777F84AB9CC3}.AppStore|Any CPU.Deploy.0 = AppStore|iPhone
		{DEE4267F-9E04-4C37-9939-777F84AB9CC3}.AppStore|iPhone.ActiveCfg = AppStore|iPhone
		{DEE4267F-9E04-4C37-9939-777F84AB9CC3}.AppStore|iPhone.Build.0 = AppStore|iPhone
		{DEE4267F-9E04-4C37-9939-777F84AB9CC3}.AppStore|iPhone.Deploy.0 = AppStore|iPhone
		{DEE4267F-9E04-4C37-9939-777F84AB9CC3}.AppStore|iPhoneSimulator.ActiveCfg = AppStore|iPhoneSimulator
		{DEE4267F-9E04-4C37-9939-777F84AB9CC3}.AppStore|iPhoneSimulator.Build.0 = AppStore|iPhoneSimulator
		{DEE4267F-9E04-4C37-9939-777F84AB9CC3}.AppStore|iPhoneSimulator.Deploy.0 = AppStore|iPhoneSimulator
		{DEE4267F-9E04-4C37-9939-777F84AB9CC3}.Debug|Any CPU.ActiveCfg = Debug|iPhoneSimulator
		{DEE4267F-9E04-4C37-9939-777F84AB9CC3}.Debug|Any CPU.Build.0 = Debug|iPhoneSimulator
		{DEE4267F-9E04-4C37-9939-777F84AB9CC3}.Debug|Any CPU.Deploy.0 = Debug|iPhoneSimulator
		{DEE4267F-9E04-4C37-9939-777F84AB9CC3}.Debug|iPhone.ActiveCfg = Debug|iPhone
		{DEE4267F-9E04-4C37-9939-777F84AB9CC3}.Debug|iPhone.Build.0 = Debug|iPhone
		{DEE4267F-9E04-4C37-9939-777F84AB9CC3}.Debug|iPhone.Deploy.0 = Debug|iPhone
		{DEE4267F-9E04-4C37-9939-777F84AB9CC3}.Debug|iPhoneSimulator.ActiveCfg = Debug|iPhoneSimulator
		{DEE4267F-9E04-4C37-9939-777F84AB9CC3}.Debug|iPhoneSimulator.Build.0 = Debug|iPhoneSimulator
		{DEE4267F-9E04-4C37-9939-777F84AB9CC3}.Debug|iPhoneSimulator.Deploy.0 = Debug|iPhoneSimulator
		{DEE4267F-9E04-4C37-9939-777F84AB9CC3}.Release|Any CPU.ActiveCfg = Release|iPhone
		{DEE4267F-9E04-4C37-9939-777F84AB9CC3}.Release|Any CPU.Build.0 = Release|iPhone
		{DEE4267F-9E04-4C37-9939-777F84AB9CC3}.Release|Any CPU.Deploy.0 = Release|iPhone
		{DEE4267F-9E04-4C37-9939-777F84AB9CC3}.Release|iPhone.ActiveCfg = Release|iPhone
		{DEE4267F-9E04-4C37-9939-777F84AB9CC3}.Release|iPhone.Build.0 = Release|iPhone
		{DEE4267F-9E04-4C37-9939-777F84AB9CC3}.Release|iPhone.Deploy.0 = Release|iPhone
		{DEE4267F-9E04-4C37-9939-777F84AB9CC3}.Release|iPhoneSimulator.ActiveCfg = Release|iPhoneSimulator
		{DEE4267F-9E04-4C37-9939-777F84AB9CC3}.Release|iPhoneSimulator.Build.0 = Release|iPhoneSimulator
		{DEE4267F-9E04-4C37-9939-777F84AB9CC3}.Release|iPhoneSimulator.Deploy.0 = Release|iPhoneSimulator
		{6A2974E2-206B-441A-A6F6-AB6ACC82ABD6}.Ad-Hoc|Any CPU.ActiveCfg = Debug|Any CPU
		{6A2974E2-206B-441A-A6F6-AB6ACC82ABD6}.Ad-Hoc|Any CPU.Build.0 = Debug|Any CPU
		{6A2974E2-206B-441A-A6F6-AB6ACC82ABD6}.Ad-Hoc|Any CPU.Deploy.0 = Debug|Any CPU
		{6A2974E2-206B-441A-A6F6-AB6ACC82ABD6}.Ad-Hoc|iPhone.ActiveCfg = Debug|Any CPU
		{6A2974E2-206B-441A-A6F6-AB6ACC82ABD6}.Ad-Hoc|iPhone.Build.0 = Debug|Any CPU
		{6A2974E2-206B-441A-A6F6-AB6ACC82ABD6}.Ad-Hoc|iPhone.Deploy.0 = Debug|Any CPU
		{6A2974E2-206B-441A-A6F6-AB6ACC82ABD6}.Ad-Hoc|iPhoneSimulator.ActiveCfg = Debug|Any CPU
		{6A2974E2-206B-441A-A6F6-AB6ACC82ABD6}.Ad-Hoc|iPhoneSimulator.Build.0 = Debug|Any CPU
		{6A2974E2-206B-441A-A6F6-AB6ACC82ABD6}.Ad-Hoc|iPhoneSimulator.Deploy.0 = Debug|Any CPU
		{6A2974E2-206B-441A-A6F6-AB6ACC82ABD6}.AppStore|Any CPU.ActiveCfg = Debug|Any CPU
		{6A2974E2-206B-441A-A6F6-AB6ACC82ABD6}.AppStore|Any CPU.Build.0 = Debug|Any CPU
		{6A2974E2-206B-441A-A6F6-AB6ACC82ABD6}.AppStore|Any CPU.Deploy.0 = Debug|Any CPU
		{6A2974E2-206B-441A-A6F6-AB6ACC82ABD6}.AppStore|iPhone.ActiveCfg = Debug|Any CPU
		{6A2974E2-206B-441A-A6F6-AB6ACC82ABD6}.AppStore|iPhone.Build.0 = Debug|Any CPU
		{6A2974E2-206B-441A-A6F6-AB6ACC82ABD6}.AppStore|iPhone.Deploy.0 = Debug|Any CPU
		{6A2974E2-206B-441A-A6F6-AB6ACC82ABD6}.AppStore|iPhoneSimulator.ActiveCfg = Debug|Any CPU
		{6A2974E2-206B-441A-A6F6-AB6ACC82ABD6}.AppStore|iPhoneSimulator.Build.0 = Debug|Any CPU
		{6A2974E2-206B-441A-A6F6-AB6ACC82ABD6}.AppStore|iPhoneSimulator.Deploy.0 = Debug|Any CPU
		{6A2974E2-206B-441A-A6F6-AB6ACC82ABD6}.Debug|Any CPU.ActiveCfg = Debug|Any CPU
		{6A2974E2-206B-441A-A6F6-AB6ACC82ABD6}.Debug|Any CPU.Build.0 = Debug|Any CPU
		{6A2974E2-206B-441A-A6F6-AB6ACC82ABD6}.Debug|Any CPU.Deploy.0 = Debug|Any CPU
		{6A2974E2-206B-441A-A6F6-AB6ACC82ABD6}.Debug|iPhone.ActiveCfg = Debug|Any CPU
		{6A2974E2-206B-441A-A6F6-AB6ACC82ABD6}.Debug|iPhone.Build.0 = Debug|Any CPU
		{6A2974E2-206B-441A-A6F6-AB6ACC82ABD6}.Debug|iPhone.Deploy.0 = Debug|Any CPU
		{6A2974E2-206B-441A-A6F6-AB6ACC82ABD6}.Debug|iPhoneSimulator.ActiveCfg = Debug|Any CPU
		{6A2974E2-206B-441A-A6F6-AB6ACC82ABD6}.Debug|iPhoneSimulator.Build.0 = Debug|Any CPU
		{6A2974E2-206B-441A-A6F6-AB6ACC82ABD6}.Debug|iPhoneSimulator.Deploy.0 = Debug|Any CPU
		{6A2974E2-206B-441A-A6F6-AB6ACC82ABD6}.Release|Any CPU.ActiveCfg = Release|Any CPU
		{6A2974E2-206B-441A-A6F6-AB6ACC82ABD6}.Release|Any CPU.Build.0 = Release|Any CPU
		{6A2974E2-206B-441A-A6F6-AB6ACC82ABD6}.Release|Any CPU.Deploy.0 = Release|Any CPU
		{6A2974E2-206B-441A-A6F6-AB6ACC82ABD6}.Release|iPhone.ActiveCfg = Release|Any CPU
		{6A2974E2-206B-441A-A6F6-AB6ACC82ABD6}.Release|iPhone.Build.0 = Release|Any CPU
		{6A2974E2-206B-441A-A6F6-AB6ACC82ABD6}.Release|iPhone.Deploy.0 = Release|Any CPU
		{6A2974E2-206B-441A-A6F6-AB6ACC82ABD6}.Release|iPhoneSimulator.ActiveCfg = Release|Any CPU
		{6A2974E2-206B-441A-A6F6-AB6ACC82ABD6}.Release|iPhoneSimulator.Build.0 = Release|Any CPU
		{6A2974E2-206B-441A-A6F6-AB6ACC82ABD6}.Release|iPhoneSimulator.Deploy.0 = Release|Any CPU
	EndGlobalSection
	GlobalSection(SolutionProperties) = preSolution
		HideSolutionNode = FALSE
	EndGlobalSection
	GlobalSection(ExtensibilityGlobals) = postSolution
		SolutionGuid = {3C7E1DC7-9992-4369-A66B-49A2E4B7B105}
	EndGlobalSection
EndGlobal
